
Microsoft Visual Studio Solution File, Format Version 12.00
# Visual Studio Version 17
VisualStudioVersion = 17.2.32505.173
MinimumVisualStudioVersion = 10.0.40219.1
Project("{FAE04EC0-301F-11D3-BF4B-00C04F79EFBC}") = "StuFeeBit5BWebApplication", "StuFeeBit5BWebApplication\StuFeeBit5BWebApplication.csproj", "{35802528-7981-42B7-B17D-8C176E88B5CD}"
EndProject
Global
	GlobalSection(SolutionConfigurationPlatforms) = preSolution
		Debug|Any CPU = Debug|Any CPU
		Release|Any CPU = Release|Any CPU
	EndGlobalSection
	GlobalSection(ProjectConfigurationPlatforms) = postSolution
		{35802528-7981-42B7-B17D-8C176E88B5CD}.Debug|Any CPU.ActiveCfg = Debug|Any CPU
		{35802528-7981-42B7-B17D-8C176E88B5CD}.Debug|Any CPU.Build.0 = Debug|Any CPU
		{35802528-7981-42B7-B17D-8C176E88B5CD}.Release|Any CPU.ActiveCfg = Release|Any CPU
		{35802528-7981-42B7-B17D-8C176E88B5CD}.Release|Any CPU.Build.0 = Release|Any CPU
	EndGlobalSection
	GlobalSection(SolutionProperties) = preSolution
		HideSolutionNode = FALSE
	EndGlobalSection
	GlobalSection(ExtensibilityGlobals) = postSolution
		SolutionGuid = {6EA1CE91-9843-4CA8-96B2-756A71F178D1}
	EndGlobalSection
EndGlobal
